
Microsoft Visual Studio Solution File, Format Version 12.00
# Visual Studio 15
VisualStudioVersion = 15.0.27428.2015
MinimumVisualStudioVersion = 10.0.40219.1
Project("{FAE04EC0-301F-11D3-BF4B-00C04F79EFBC}") = "EnvironmentVariableTest", "EnvironmentVariableTest\EnvironmentVariableTest.csproj", "{509255A5-F4D3-4BC5-A80F-33EEC6E39FBB}"
EndProject
Project("{E53339B2-1760-4266-BCC7-CA923CBCF16C}") = "docker-compose", "docker-compose.dcproj", "{7C55B702-2040-4427-9143-50371959BB10}"
EndProject
Global
	GlobalSection(SolutionConfigurationPlatforms) = preSolution
		Debug|Any CPU = Debug|Any CPU
		Release|Any CPU = Release|Any CPU
	EndGlobalSection
	GlobalSection(ProjectConfigurationPlatforms) = postSolution
		{509255A5-F4D3-4BC5-A80F-33EEC6E39FBB}.Debug|Any CPU.ActiveCfg = Debug|Any CPU
		{509255A5-F4D3-4BC5-A80F-33EEC6E39FBB}.Debug|Any CPU.Build.0 = Debug|Any CPU
		{509255A5-F4D3-4BC5-A80F-33EEC6E39FBB}.Release|Any CPU.ActiveCfg = Release|Any CPU
		{509255A5-F4D3-4BC5-A80F-33EEC6E39FBB}.Release|Any CPU.Build.0 = Release|Any CPU
		{7C55B702-2040-4427-9143-50371959BB10}.Debug|Any CPU.ActiveCfg = Debug|Any CPU
		{7C55B702-2040-4427-9143-50371959BB10}.Debug|Any CPU.Build.0 = Debug|Any CPU
		{7C55B702-2040-4427-9143-50371959BB10}.Release|Any CPU.ActiveCfg = Release|Any CPU
		{7C55B702-2040-4427-9143-50371959BB10}.Release|Any CPU.Build.0 = Release|Any CPU
	EndGlobalSection
	GlobalSection(SolutionProperties) = preSolution
		HideSolutionNode = FALSE
	EndGlobalSection
	GlobalSection(ExtensibilityGlobals) = postSolution
		SolutionGuid = {B198275C-FF05-4616-8D16-FE08DFCDBB8E}
	EndGlobalSection
EndGlobal
